
Microsoft Visual Studio Solution File, Format Version 12.00
# Visual Studio 15
VisualStudioVersion = 15.0.27703.2000
MinimumVisualStudioVersion = 10.0.40219.1
Project("{FAE04EC0-301F-11D3-BF4B-00C04F79EFBC}") = "TAG", "TAG\TAG.csproj", "{B48AB1C0-7B9A-4283-BF06-2641C5A74663}"
EndProject
Global
	GlobalSection(SolutionConfigurationPlatforms) = preSolution
		Debug|Any CPU = Debug|Any CPU
		Release|Any CPU = Release|Any CPU
	EndGlobalSection
	GlobalSection(ProjectConfigurationPlatforms) = postSolution
		{B48AB1C0-7B9A-4283-BF06-2641C5A74663}.Debug|Any CPU.ActiveCfg = Debug|Any CPU
		{B48AB1C0-7B9A-4283-BF06-2641C5A74663}.Debug|Any CPU.Build.0 = Debug|Any CPU
		{B48AB1C0-7B9A-4283-BF06-2641C5A74663}.Release|Any CPU.ActiveCfg = Release|Any CPU
		{B48AB1C0-7B9A-4283-BF06-2641C5A74663}.Release|Any CPU.Build.0 = Release|Any CPU
	EndGlobalSection
	GlobalSection(SolutionProperties) = preSolution
		HideSolutionNode = FALSE
	EndGlobalSection
	GlobalSection(ExtensibilityGlobals) = postSolution
		SolutionGuid = {E9B9A0C6-EC4F-4DFD-AEA2-4841819EF1E2}
	EndGlobalSection
EndGlobal
